
Microsoft Visual Studio Solution File, Format Version 12.00
# Visual Studio Version 17
VisualStudioVersion = 17.8.34322.80
MinimumVisualStudioVersion = 10.0.40219.1
Project("{FAE04EC0-301F-11D3-BF4B-00C04F79EFBC}") = "Callbacks", "Callbacks\Callbacks.csproj", "{12F59771-C8A3-4696-8467-83C947738058}"
EndProject
Global
	GlobalSection(SolutionConfigurationPlatforms) = preSolution
		Debug|Any CPU = Debug|Any CPU
		Release|Any CPU = Release|Any CPU
	EndGlobalSection
	GlobalSection(ProjectConfigurationPlatforms) = postSolution
		{12F59771-C8A3-4696-8467-83C947738058}.Debug|Any CPU.ActiveCfg = Debug|Any CPU
		{12F59771-C8A3-4696-8467-83C947738058}.Debug|Any CPU.Build.0 = Debug|Any CPU
		{12F59771-C8A3-4696-8467-83C947738058}.Release|Any CPU.ActiveCfg = Release|Any CPU
		{12F59771-C8A3-4696-8467-83C947738058}.Release|Any CPU.Build.0 = Release|Any CPU
	EndGlobalSection
	GlobalSection(SolutionProperties) = preSolution
		HideSolutionNode = FALSE
	EndGlobalSection
	GlobalSection(ExtensibilityGlobals) = postSolution
		SolutionGuid = {ED6524C0-AA25-4AAA-9FAB-DE56BD5B372D}
	EndGlobalSection
EndGlobal
